{
    "_meta": {
        "hash": {
            "sha256": "52d5cc6b86027774311be6cafb6ca2ea46a998d5312f5452bb62b9b23d773418"
        },
        "pipfile-spec": 6,
        "requires": {
            "python_version": "3.11"
        },
        "sources": [
            {
                "name": "pypi",
                "url": "https://pypi.org/simple",
                "verify_ssl": true
            }
        ]
    },
    "default": {
        "asgiref": {
            "hashes": [
                "sha256:71e68008da809b957b7ee4b43dbccff33d1b23519fb8344e33f049897077afac",
                "sha256:9567dfe7bd8d3c8c892227827c41cce860b368104c3431da67a0c5a65a949506"
            ],
            "markers": "python_version >= '3.7'",
            "version": "==3.6.0"
        },
        "codeforlife": {
            "git": "https://github.com/ocadotechnology/codeforlife-package-python.git",
            "ref": "5889196548dea315f279d0fb3b9bacce23fe8d95"
        },
        "django": {
            "hashes": [
                "sha256:08208dfe892eb64fff073ca743b3b952311104f939e7f6dae954fe72dcc533ba",
                "sha256:4d492d9024c7b3dfababf49f94511ab6a58e2c9c3c7207786f1ba4eb77750706"
            ],
            "markers": "python_version >= '3.6'",
            "version": "==3.2.18"
        },
        "django-countries": {
            "hashes": [
                "sha256:5a4ee958f77810bcc38ae96605e47d76a707e81f53cf2938743ef45faafd2fce",
                "sha256:b6b439cc5c7e766ec2335615160fdcebb9f2774ccc17aaa5e173306832d77594"
            ],
            "version": "==7.3.1"
        },
        "django-formtools": {
            "hashes": [
                "sha256:deb932be55b1d9419e37dc4d65dfbfeb8d307b71c8c11fd52f159aba5fc0deed",
                "sha256:f5f32f62ec8192cd1bc55bd929ca7dff5a5f2addf9027db95a5906ecfaa64836"
            ],
            "markers": "python_version >= '3.6'",
            "version": "==2.4"
        },
        "django-otp": {
            "hashes": [
                "sha256:8a431a934afdd4359ab838551d02d68d3cd90c974aa9e7337cbcbb6d45db621b",
                "sha256:eac8e06041efe90e0687faea997fc0b3340f5bc74476f20aca0f6a96978f4253"
            ],
            "version": "==1.1.6"
        },
        "django-phonenumber-field": {
            "hashes": [
                "sha256:72a3e7a3e7493bf2a12c07a3bc77ce89813acc16592bf04d0eee3b5a452097ed",
                "sha256:a31b4f05ac0ff898661516c84940f83adb5cdcf0ae4b9b1d31bb8ad3ff345b58"
            ],
            "markers": "python_version >= '3.7'",
            "version": "==6.4.0"
        },
        "django-two-factor-auth": {
            "hashes": [
                "sha256:3fac266d12472ac66475dd737bb18f2992484313bf56acf5a2eea5e824291ee6",
                "sha256:44fb9f6a52dbf83229de52c6f642eb2e0feafdb919854f3dc0e7716877c340ba"
            ],
            "version": "==1.13.2"
        },
        "djangorestframework": {
            "hashes": [
                "sha256:0c33407ce23acc68eca2a6e46424b008c9c02eceb8cf18581921d0092bc1f2ee",
                "sha256:24c4bf58ed7e85d1fe4ba250ab2da926d263cd57d64b03e8dcef0ac683f8b1aa"
            ],
            "markers": "python_version >= '3.6'",
            "version": "==3.13.1"
        },
        "pypng": {
            "hashes": [
                "sha256:4a43e969b8f5aaafb2a415536c1a8ec7e341cd6a3f957fd5b5f32a4cfeed902c",
                "sha256:739c433ba96f078315de54c0db975aee537cbc3e1d0ae4ed9aab0ca1e427e2c1"
            ],
            "version": "==0.20220715.0"
        },
        "pytz": {
            "hashes": [
                "sha256:01a0681c4b9684a28304615eba55d1ab31ae00bf68ec157ec3708a8182dbbcd0",
                "sha256:78f4f37d8198e0627c5f1143240bb0206b8691d8d7ac6d78fee88b78733f8c4a"
            ],
            "version": "==2022.7.1"
        },
        "qrcode": {
            "hashes": [
                "sha256:581dca7a029bcb2deef5d01068e39093e80ef00b4a61098a2182eac59d01643a",
                "sha256:9dd969454827e127dbd93696b20747239e6d540e082937c90f14ac95b30f5845"
            ],
            "markers": "python_version >= '3.7'",
            "version": "==7.4.2"
        },
        "sqlparse": {
            "hashes": [
                "sha256:0323c0ec29cd52bceabc1b4d9d579e311f3e4961b98d174201d5622a23b85e34",
                "sha256:69ca804846bb114d2ec380e4360a8a340db83f0ccf3afceeb1404df028f57268"
            ],
            "markers": "python_version >= '3.5'",
            "version": "==0.4.3"
        },
        "typing-extensions": {
            "hashes": [
                "sha256:5cb5f4a79139d699607b3ef622a1dedafa84e115ab0024e0d9c044a9479ca7cb",
                "sha256:fb33085c39dd998ac16d1431ebc293a8b3eedd00fd4a32de0ff79002c19511b4"
            ],
            "markers": "python_version >= '3.7'",
            "version": "==4.5.0"
        }
    },
    "develop": {}
}
